
Microsoft Visual Studio Solution File, Format Version 12.00
# Visual Studio Version 17
VisualStudioVersion = 17.9.34723.18
MinimumVisualStudioVersion = 10.0.40219.1
Project("{9A19103F-16F7-4668-BE54-9A1E7A4F7556}") = "FallenTally", "src\FallenTally.csproj", "{B76FE59C-6A99-4A68-A47C-46688B5E84BE}"
EndProject
Project("{9A19103F-16F7-4668-BE54-9A1E7A4F7556}") = "FallenTallyTest", "tests\FallenTallyTest.csproj", "{033F5DCB-E0CB-4969-8C74-1826BB73A40A}"
EndProject
Project("{FAE04EC0-301F-11D3-BF4B-00C04F79EFBC}") = "FallenTallyAvalon", "FallenTallyAvalon\FallenTallyAvalon.csproj", "{0AED3FF2-F19B-4B40-AE9B-2FAE0CBB13C6}"
EndProject
Project("{FAE04EC0-301F-11D3-BF4B-00C04F79EFBC}") = "FallenTallyAvalon.Desktop", "FallenTallyAvalon.Desktop\FallenTallyAvalon.Desktop.csproj", "{AB613B86-062B-4C48-9203-3DB8671F1F4B}"
EndProject
Global
	GlobalSection(SolutionConfigurationPlatforms) = preSolution
		Debug|Any CPU = Debug|Any CPU
		Release|Any CPU = Release|Any CPU
	EndGlobalSection
	GlobalSection(ProjectConfigurationPlatforms) = postSolution
		{B76FE59C-6A99-4A68-A47C-46688B5E84BE}.Debug|Any CPU.ActiveCfg = Debug|Any CPU
		{B76FE59C-6A99-4A68-A47C-46688B5E84BE}.Debug|Any CPU.Build.0 = Debug|Any CPU
		{B76FE59C-6A99-4A68-A47C-46688B5E84BE}.Release|Any CPU.ActiveCfg = Release|Any CPU
		{B76FE59C-6A99-4A68-A47C-46688B5E84BE}.Release|Any CPU.Build.0 = Release|Any CPU
		{033F5DCB-E0CB-4969-8C74-1826BB73A40A}.Debug|Any CPU.ActiveCfg = Debug|Any CPU
		{033F5DCB-E0CB-4969-8C74-1826BB73A40A}.Debug|Any CPU.Build.0 = Debug|Any CPU
		{033F5DCB-E0CB-4969-8C74-1826BB73A40A}.Release|Any CPU.ActiveCfg = Release|Any CPU
		{033F5DCB-E0CB-4969-8C74-1826BB73A40A}.Release|Any CPU.Build.0 = Release|Any CPU
		{0AED3FF2-F19B-4B40-AE9B-2FAE0CBB13C6}.Debug|Any CPU.ActiveCfg = Debug|Any CPU
		{0AED3FF2-F19B-4B40-AE9B-2FAE0CBB13C6}.Debug|Any CPU.Build.0 = Debug|Any CPU
		{0AED3FF2-F19B-4B40-AE9B-2FAE0CBB13C6}.Release|Any CPU.ActiveCfg = Release|Any CPU
		{0AED3FF2-F19B-4B40-AE9B-2FAE0CBB13C6}.Release|Any CPU.Build.0 = Release|Any CPU
		{AB613B86-062B-4C48-9203-3DB8671F1F4B}.Debug|Any CPU.ActiveCfg = Debug|Any CPU
		{AB613B86-062B-4C48-9203-3DB8671F1F4B}.Debug|Any CPU.Build.0 = Debug|Any CPU
		{AB613B86-062B-4C48-9203-3DB8671F1F4B}.Release|Any CPU.ActiveCfg = Release|Any CPU
		{AB613B86-062B-4C48-9203-3DB8671F1F4B}.Release|Any CPU.Build.0 = Release|Any CPU
	EndGlobalSection
	GlobalSection(SolutionProperties) = preSolution
		HideSolutionNode = FALSE
	EndGlobalSection
	GlobalSection(ExtensibilityGlobals) = postSolution
		SolutionGuid = {A03D9CB6-6523-4326-B75E-7C4FD773130E}
	EndGlobalSection
EndGlobal
